// !$*UTF8*$!
{
	archiveVersion = 1;
	classes = {
	};
	objectVersion = 46;
	objects = {

/* Begin PBXBuildFile section */
		DB7E1C7616F9086700AF662C /* TakePhotoViewController.m in Sources */ = {isa = PBXBuildFile; fileRef = DB7E1C7416F9086700AF662C /* TakePhotoViewController.m */; };
		DB7E1C7716F9086700AF662C /* TakePhotoViewController.xib in Resources */ = {isa = PBXBuildFile; fileRef = DB7E1C7516F9086700AF662C /* TakePhotoViewController.xib */; };
		DB8EB6751739A5E5005F9704 /* background@2x.png in Resources */ = {isa = PBXBuildFile; fileRef = DB8EB6741739A5E5005F9704 /* background@2x.png */; };
		DB8EB6771739A621005F9704 /* take_picture.png in Resources */ = {isa = PBXBuildFile; fileRef = DB8EB6761739A621005F9704 /* take_picture.png */; };
		DB8EB6791739AB41005F9704 /* select.png in Resources */ = {isa = PBXBuildFile; fileRef = DB8EB6781739AB41005F9704 /* select.png */; };
		DB8EB67F1739B09F005F9704 /* tabbar.png in Resources */ = {isa = PBXBuildFile; fileRef = DB8EB67E1739B09F005F9704 /* tabbar.png */; };
		DB94704F170B37BE003327DE /* QuartzCore.framework in Frameworks */ = {isa = PBXBuildFile; fileRef = DB94704E170B37BD003327DE /* QuartzCore.framework */; };
		DB947A6216F7A39E00733381 /* UIKit.framework in Frameworks */ = {isa = PBXBuildFile; fileRef = DB947A6116F7A39E00733381 /* UIKit.framework */; };
		DB947A6416F7A39E00733381 /* Foundation.framework in Frameworks */ = {isa = PBXBuildFile; fileRef = DB947A6316F7A39E00733381 /* Foundation.framework */; };
		DB947A6616F7A39E00733381 /* CoreGraphics.framework in Frameworks */ = {isa = PBXBuildFile; fileRef = DB947A6516F7A39E00733381 /* CoreGraphics.framework */; };
		DB947A6C16F7A39E00733381 /* InfoPlist.strings in Resources */ = {isa = PBXBuildFile; fileRef = DB947A6A16F7A39E00733381 /* InfoPlist.strings */; };
		DB947A6E16F7A39E00733381 /* main.m in Sources */ = {isa = PBXBuildFile; fileRef = DB947A6D16F7A39E00733381 /* main.m */; };
		DB947A7216F7A39E00733381 /* EKAppDelegate.m in Sources */ = {isa = PBXBuildFile; fileRef = DB947A7116F7A39E00733381 /* EKAppDelegate.m */; };
		DB947A7416F7A39E00733381 /* Default.png in Resources */ = {isa = PBXBuildFile; fileRef = DB947A7316F7A39E00733381 /* Default.png */; };
		DB947A7616F7A39E00733381 /* Default@2x.png in Resources */ = {isa = PBXBuildFile; fileRef = DB947A7516F7A39E00733381 /* Default@2x.png */; };
		DB947A7816F7A39E00733381 /* Default-568h@2x.png in Resources */ = {isa = PBXBuildFile; fileRef = DB947A7716F7A39E00733381 /* Default-568h@2x.png */; };
		DB947A7B16F7A39E00733381 /* EKViewController.m in Sources */ = {isa = PBXBuildFile; fileRef = DB947A7A16F7A39E00733381 /* EKViewController.m */; };
		DB947A7E16F7A39E00733381 /* EKViewController_iPhone.xib in Resources */ = {isa = PBXBuildFile; fileRef = DB947A7C16F7A39E00733381 /* EKViewController_iPhone.xib */; };
		DB947A8116F7A39E00733381 /* EKViewController_iPad.xib in Resources */ = {isa = PBXBuildFile; fileRef = DB947A7F16F7A39E00733381 /* EKViewController_iPad.xib */; };
		DB947A9C16F7A48600733381 /* ImageGalleryCell.m in Sources */ = {isa = PBXBuildFile; fileRef = DB947A9516F7A48600733381 /* ImageGalleryCell.m */; };
		DB947A9D16F7A48600733381 /* ImageRollViewController.m in Sources */ = {isa = PBXBuildFile; fileRef = DB947A9716F7A48600733381 /* ImageRollViewController.m */; };
		DB947A9E16F7A48600733381 /* ImageRollViewController.xib in Resources */ = {isa = PBXBuildFile; fileRef = DB947A9816F7A48600733381 /* ImageRollViewController.xib */; };
		DB947A9F16F7A48600733381 /* UploadViewController.m in Sources */ = {isa = PBXBuildFile; fileRef = DB947A9A16F7A48600733381 /* UploadViewController.m */; };
		DB947AA016F7A48600733381 /* UploadViewController.xib in Resources */ = {isa = PBXBuildFile; fileRef = DB947A9B16F7A48600733381 /* UploadViewController.xib */; };
		DB947AA316F7A48D00733381 /* AssetsLibrary.framework in Frameworks */ = {isa = PBXBuildFile; fileRef = DB947AA216F7A48D00733381 /* AssetsLibrary.framework */; };
		DB947AC616F7A51200733381 /* box-checked.png in Resources */ = {isa = PBXBuildFile; fileRef = DB947AC416F7A51200733381 /* box-checked.png */; };
		DB947AC716F7A51200733381 /* check-box-list.png in Resources */ = {isa = PBXBuildFile; fileRef = DB947AC516F7A51200733381 /* check-box-list.png */; };
		DB947ACE16F7A85C00733381 /* MessageUI.framework in Frameworks */ = {isa = PBXBuildFile; fileRef = DB947ACD16F7A85C00733381 /* MessageUI.framework */; };
		DB947AD216F7A92400733381 /* EKMMSSenderViewController.m in Sources */ = {isa = PBXBuildFile; fileRef = DB947AD016F7A92400733381 /* EKMMSSenderViewController.m */; };
		DB947AD316F7A92400733381 /* EKMMSSenderViewController.xib in Resources */ = {isa = PBXBuildFile; fileRef = DB947AD116F7A92400733381 /* EKMMSSenderViewController.xib */; };
		DB947AD616F7AC5300733381 /* UIImage+ScaleImage.m in Sources */ = {isa = PBXBuildFile; fileRef = DB947AD516F7AC5300733381 /* UIImage+ScaleImage.m */; };
		DBA14E1C173E7A27000E0829 /* RollCell.m in Sources */ = {isa = PBXBuildFile; fileRef = DBA14E1B173E7A27000E0829 /* RollCell.m */; };
		DBA14E1E173E7A44000E0829 /* RollCell.xib in Resources */ = {isa = PBXBuildFile; fileRef = DBA14E1D173E7A44000E0829 /* RollCell.xib */; };
		DBA14E20173E8EE7000E0829 /* cell.png in Resources */ = {isa = PBXBuildFile; fileRef = DBA14E1F173E8EE7000E0829 /* cell.png */; };
		DBA14E22173E9F75000E0829 /* backgroundClear@2x.png in Resources */ = {isa = PBXBuildFile; fileRef = DBA14E21173E9F75000E0829 /* backgroundClear@2x.png */; };
		DBA14E28173EAA3E000E0829 /* icon.png in Resources */ = {isa = PBXBuildFile; fileRef = DBA14E27173EAA3E000E0829 /* icon.png */; };
		DBA14E2A173EAA44000E0829 /* icon@2x.png in Resources */ = {isa = PBXBuildFile; fileRef = DBA14E29173EAA44000E0829 /* icon@2x.png */; };
		DBA14E4B173EC842000E0829 /* Localizable.strings in Resources */ = {isa = PBXBuildFile; fileRef = DBA14E4D173EC842000E0829 /* Localizable.strings */; };
		DBA14E54173ECBFB000E0829 /* select_pl.png in Resources */ = {isa = PBXBuildFile; fileRef = DBA14E52173ECBFB000E0829 /* select_pl.png */; };
		DBA14E55173ECBFB000E0829 /* take_picture_pl.png in Resources */ = {isa = PBXBuildFile; fileRef = DBA14E53173ECBFB000E0829 /* take_picture_pl.png */; };
		DBA85C26173AB4B700AC86F1 /* back.png in Resources */ = {isa = PBXBuildFile; fileRef = DBA85C25173AB4B700AC86F1 /* back.png */; };
		DBA85C28173AB68200AC86F1 /* upload.png in Resources */ = {isa = PBXBuildFile; fileRef = DBA85C27173AB68200AC86F1 /* upload.png */; };
		DBFBB3AB171DE76B007FD75A /* header.png in Resources */ = {isa = PBXBuildFile; fileRef = DBFBB3AA171DE76B007FD75A /* header.png */; };
/* End PBXBuildFile section */

/* Begin PBXFileReference section */
		DB7E1C7316F9086700AF662C /* TakePhotoViewController.h */ = {isa = PBXFileReference; fileEncoding = 4; lastKnownFileType = sourcecode.c.h; path = TakePhotoViewController.h; sourceTree = "<group>"; };
		DB7E1C7416F9086700AF662C /* TakePhotoViewController.m */ = {isa = PBXFileReference; fileEncoding = 4; lastKnownFileType = sourcecode.c.objc; path = TakePhotoViewController.m; sourceTree = "<group>"; };
		DB7E1C7516F9086700AF662C /* TakePhotoViewController.xib */ = {isa = PBXFileReference; fileEncoding = 4; lastKnownFileType = file.xib; path = TakePhotoViewController.xib; sourceTree = "<group>"; };
		DB8EB6741739A5E5005F9704 /* background@2x.png */ = {isa = PBXFileReference; lastKnownFileType = image.png; path = "background@2x.png"; sourceTree = "<group>"; };
		DB8EB6761739A621005F9704 /* take_picture.png */ = {isa = PBXFileReference; lastKnownFileType = image.png; path = take_picture.png; sourceTree = "<group>"; };
		DB8EB6781739AB41005F9704 /* select.png */ = {isa = PBXFileReference; lastKnownFileType = image.png; path = select.png; sourceTree = "<group>"; };
		DB8EB67E1739B09F005F9704 /* tabbar.png */ = {isa = PBXFileReference; lastKnownFileType = image.png; path = tabbar.png; sourceTree = "<group>"; };
		DB94704E170B37BD003327DE /* QuartzCore.framework */ = {isa = PBXFileReference; lastKnownFileType = wrapper.framework; name = QuartzCore.framework; path = System/Library/Frameworks/QuartzCore.framework; sourceTree = SDKROOT; };
		DB947A5D16F7A39E00733381 /* MMS Sender.app */ = {isa = PBXFileReference; explicitFileType = wrapper.application; includeInIndex = 0; path = "MMS Sender.app"; sourceTree = BUILT_PRODUCTS_DIR; };
		DB947A6116F7A39E00733381 /* UIKit.framework */ = {isa = PBXFileReference; lastKnownFileType = wrapper.framework; name = UIKit.framework; path = System/Library/Frameworks/UIKit.framework; sourceTree = SDKROOT; };
		DB947A6316F7A39E00733381 /* Foundation.framework */ = {isa = PBXFileReference; lastKnownFileType = wrapper.framework; name = Foundation.framework; path = System/Library/Frameworks/Foundation.framework; sourceTree = SDKROOT; };
		DB947A6516F7A39E00733381 /* CoreGraphics.framework */ = {isa = PBXFileReference; lastKnownFileType = wrapper.framework; name = CoreGraphics.framework; path = System/Library/Frameworks/CoreGraphics.framework; sourceTree = SDKROOT; };
		DB947A6916F7A39E00733381 /* MMS Sender-Info.plist */ = {isa = PBXFileReference; lastKnownFileType = text.plist.xml; path = "MMS Sender-Info.plist"; sourceTree = "<group>"; };
		DB947A6B16F7A39E00733381 /* en */ = {isa = PBXFileReference; lastKnownFileType = text.plist.strings; name = en; path = en.lproj/InfoPlist.strings; sourceTree = "<group>"; };
		DB947A6D16F7A39E00733381 /* main.m */ = {isa = PBXFileReference; lastKnownFileType = sourcecode.c.objc; path = main.m; sourceTree = "<group>"; };
		DB947A6F16F7A39E00733381 /* MMS Sender-Prefix.pch */ = {isa = PBXFileReference; lastKnownFileType = sourcecode.c.h; path = "MMS Sender-Prefix.pch"; sourceTree = "<group>"; };
		DB947A7016F7A39E00733381 /* EKAppDelegate.h */ = {isa = PBXFileReference; lastKnownFileType = sourcecode.c.h; path = EKAppDelegate.h; sourceTree = "<group>"; };
		DB947A7116F7A39E00733381 /* EKAppDelegate.m */ = {isa = PBXFileReference; lastKnownFileType = sourcecode.c.objc; path = EKAppDelegate.m; sourceTree = "<group>"; };
		DB947A7316F7A39E00733381 /* Default.png */ = {isa = PBXFileReference; lastKnownFileType = image.png; path = Default.png; sourceTree = "<group>"; };
		DB947A7516F7A39E00733381 /* Default@2x.png */ = {isa = PBXFileReference; lastKnownFileType = image.png; path = "Default@2x.png"; sourceTree = "<group>"; };
		DB947A7716F7A39E00733381 /* Default-568h@2x.png */ = {isa = PBXFileReference; lastKnownFileType = image.png; path = "Default-568h@2x.png"; sourceTree = "<group>"; };
		DB947A7916F7A39E00733381 /* EKViewController.h */ = {isa = PBXFileReference; lastKnownFileType = sourcecode.c.h; path = EKViewController.h; sourceTree = "<group>"; };
		DB947A7A16F7A39E00733381 /* EKViewController.m */ = {isa = PBXFileReference; lastKnownFileType = sourcecode.c.objc; path = EKViewController.m; sourceTree = "<group>"; };
		DB947A7D16F7A39E00733381 /* en */ = {isa = PBXFileReference; lastKnownFileType = file.xib; name = en; path = en.lproj/EKViewController_iPhone.xib; sourceTree = "<group>"; };
		DB947A8016F7A39E00733381 /* en */ = {isa = PBXFileReference; lastKnownFileType = file.xib; name = en; path = en.lproj/EKViewController_iPad.xib; sourceTree = "<group>"; };
		DB947A9416F7A48600733381 /* ImageGalleryCell.h */ = {isa = PBXFileReference; fileEncoding = 4; lastKnownFileType = sourcecode.c.h; path = ImageGalleryCell.h; sourceTree = "<group>"; };
		DB947A9516F7A48600733381 /* ImageGalleryCell.m */ = {isa = PBXFileReference; fileEncoding = 4; lastKnownFileType = sourcecode.c.objc; path = ImageGalleryCell.m; sourceTree = "<group>"; };
		DB947A9616F7A48600733381 /* ImageRollViewController.h */ = {isa = PBXFileReference; fileEncoding = 4; lastKnownFileType = sourcecode.c.h; path = ImageRollViewController.h; sourceTree = "<group>"; };
		DB947A9716F7A48600733381 /* ImageRollViewController.m */ = {isa = PBXFileReference; fileEncoding = 4; lastKnownFileType = sourcecode.c.objc; path = ImageRollViewController.m; sourceTree = "<group>"; };
		DB947A9816F7A48600733381 /* ImageRollViewController.xib */ = {isa = PBXFileReference; fileEncoding = 4; lastKnownFileType = file.xib; path = ImageRollViewController.xib; sourceTree = "<group>"; };
		DB947A9916F7A48600733381 /* UploadViewController.h */ = {isa = PBXFileReference; fileEncoding = 4; lastKnownFileType = sourcecode.c.h; path = UploadViewController.h; sourceTree = "<group>"; };
		DB947A9A16F7A48600733381 /* UploadViewController.m */ = {isa = PBXFileReference; fileEncoding = 4; lastKnownFileType = sourcecode.c.objc; path = UploadViewController.m; sourceTree = "<group>"; };
		DB947A9B16F7A48600733381 /* UploadViewController.xib */ = {isa = PBXFileReference; fileEncoding = 4; lastKnownFileType = file.xib; path = UploadViewController.xib; sourceTree = "<group>"; };
		DB947AA216F7A48D00733381 /* AssetsLibrary.framework */ = {isa = PBXFileReference; lastKnownFileType = wrapper.framework; name = AssetsLibrary.framework; path = System/Library/Frameworks/AssetsLibrary.framework; sourceTree = SDKROOT; };
		DB947AC416F7A51200733381 /* box-checked.png */ = {isa = PBXFileReference; lastKnownFileType = image.png; path = "box-checked.png"; sourceTree = "<group>"; };
		DB947AC516F7A51200733381 /* check-box-list.png */ = {isa = PBXFileReference; lastKnownFileType = image.png; path = "check-box-list.png"; sourceTree = "<group>"; };
		DB947ACD16F7A85C00733381 /* MessageUI.framework */ = {isa = PBXFileReference; lastKnownFileType = wrapper.framework; name = MessageUI.framework; path = System/Library/Frameworks/MessageUI.framework; sourceTree = SDKROOT; };
		DB947ACF16F7A92400733381 /* EKMMSSenderViewController.h */ = {isa = PBXFileReference; fileEncoding = 4; lastKnownFileType = sourcecode.c.h; path = EKMMSSenderViewController.h; sourceTree = "<group>"; };
		DB947AD016F7A92400733381 /* EKMMSSenderViewController.m */ = {isa = PBXFileReference; fileEncoding = 4; lastKnownFileType = sourcecode.c.objc; path = EKMMSSenderViewController.m; sourceTree = "<group>"; };
		DB947AD116F7A92400733381 /* EKMMSSenderViewController.xib */ = {isa = PBXFileReference; fileEncoding = 4; lastKnownFileType = file.xib; path = EKMMSSenderViewController.xib; sourceTree = "<group>"; };
		DB947AD416F7AC5300733381 /* UIImage+ScaleImage.h */ = {isa = PBXFileReference; fileEncoding = 4; lastKnownFileType = sourcecode.c.h; path = "UIImage+ScaleImage.h"; sourceTree = "<group>"; };
		DB947AD516F7AC5300733381 /* UIImage+ScaleImage.m */ = {isa = PBXFileReference; fileEncoding = 4; lastKnownFileType = sourcecode.c.objc; path = "UIImage+ScaleImage.m"; sourceTree = "<group>"; };
		DBA14E1A173E7A27000E0829 /* RollCell.h */ = {isa = PBXFileReference; fileEncoding = 4; lastKnownFileType = sourcecode.c.h; path = RollCell.h; sourceTree = "<group>"; };
		DBA14E1B173E7A27000E0829 /* RollCell.m */ = {isa = PBXFileReference; fileEncoding = 4; lastKnownFileType = sourcecode.c.objc; path = RollCell.m; sourceTree = "<group>"; };
		DBA14E1D173E7A44000E0829 /* RollCell.xib */ = {isa = PBXFileReference; fileEncoding = 4; lastKnownFileType = file.xib; path = RollCell.xib; sourceTree = "<group>"; };
		DBA14E1F173E8EE7000E0829 /* cell.png */ = {isa = PBXFileReference; lastKnownFileType = image.png; path = cell.png; sourceTree = "<group>"; };
		DBA14E21173E9F75000E0829 /* backgroundClear@2x.png */ = {isa = PBXFileReference; lastKnownFileType = image.png; path = "backgroundClear@2x.png"; sourceTree = "<group>"; };
		DBA14E27173EAA3E000E0829 /* icon.png */ = {isa = PBXFileReference; lastKnownFileType = image.png; path = icon.png; sourceTree = "<group>"; };
		DBA14E29173EAA44000E0829 /* icon@2x.png */ = {isa = PBXFileReference; lastKnownFileType = image.png; path = "icon@2x.png"; sourceTree = "<group>"; };
		DBA14E4C173EC842000E0829 /* en */ = {isa = PBXFileReference; lastKnownFileType = file; name = en; path = en.lproj/Localizable.strings; sourceTree = "<group>"; };
		DBA14E4E173EC885000E0829 /* pl */ = {isa = PBXFileReference; lastKnownFileType = file; name = pl; path = pl.lproj/Localizable.strings; sourceTree = "<group>"; };
		DBA14E4F173EC885000E0829 /* pl */ = {isa = PBXFileReference; lastKnownFileType = file.xib; name = pl; path = pl.lproj/EKViewController_iPhone.xib; sourceTree = "<group>"; };
		DBA14E50173EC885000E0829 /* pl */ = {isa = PBXFileReference; lastKnownFileType = file.xib; name = pl; path = pl.lproj/EKViewController_iPad.xib; sourceTree = "<group>"; };
		DBA14E51173EC885000E0829 /* pl */ = {isa = PBXFileReference; lastKnownFileType = text.plist.strings; name = pl; path = pl.lproj/InfoPlist.strings; sourceTree = "<group>"; };
		DBA14E52173ECBFB000E0829 /* select_pl.png */ = {isa = PBXFileReference; lastKnownFileType = image.png; path = select_pl.png; sourceTree = "<group>"; };
		DBA14E53173ECBFB000E0829 /* take_picture_pl.png */ = {isa = PBXFileReference; lastKnownFileType = image.png; path = take_picture_pl.png; sourceTree = "<group>"; };
		DBA85C25173AB4B700AC86F1 /* back.png */ = {isa = PBXFileReference; lastKnownFileType = image.png; path = back.png; sourceTree = "<group>"; };
		DBA85C27173AB68200AC86F1 /* upload.png */ = {isa = PBXFileReference; lastKnownFileType = image.png; path = upload.png; sourceTree = "<group>"; };
		DBFBB3AA171DE76B007FD75A /* header.png */ = {isa = PBXFileReference; lastKnownFileType = image.png; path = header.png; sourceTree = "<group>"; };
/* End PBXFileReference section */

/* Begin PBXFrameworksBuildPhase section */
		DB947A5A16F7A39E00733381 /* Frameworks */ = {
			isa = PBXFrameworksBuildPhase;
			buildActionMask = 2147483647;
			files = (
				DB94704F170B37BE003327DE /* QuartzCore.framework in Frameworks */,
				DB947ACE16F7A85C00733381 /* MessageUI.framework in Frameworks */,
				DB947AA316F7A48D00733381 /* AssetsLibrary.framework in Frameworks */,
				DB947A6216F7A39E00733381 /* UIKit.framework in Frameworks */,
				DB947A6416F7A39E00733381 /* Foundation.framework in Frameworks */,
				DB947A6616F7A39E00733381 /* CoreGraphics.framework in Frameworks */,
			);
			runOnlyForDeploymentPostprocessing = 0;
		};
/* End PBXFrameworksBuildPhase section */

/* Begin PBXGroup section */
		DB947A5216F7A39E00733381 = {
			isa = PBXGroup;
			children = (
				DBA14E4D173EC842000E0829 /* Localizable.strings */,
				DBA14E29173EAA44000E0829 /* icon@2x.png */,
				DBA14E27173EAA3E000E0829 /* icon.png */,
				DB94704E170B37BD003327DE /* QuartzCore.framework */,
				DB947ACD16F7A85C00733381 /* MessageUI.framework */,
				DB947AA216F7A48D00733381 /* AssetsLibrary.framework */,
				DB947A6716F7A39E00733381 /* MMS Sender */,
				DB947A6016F7A39E00733381 /* Frameworks */,
				DB947A5E16F7A39E00733381 /* Products */,
			);
			sourceTree = "<group>";
		};
		DB947A5E16F7A39E00733381 /* Products */ = {
			isa = PBXGroup;
			children = (
				DB947A5D16F7A39E00733381 /* MMS Sender.app */,
			);
			name = Products;
			sourceTree = "<group>";
		};
		DB947A6016F7A39E00733381 /* Frameworks */ = {
			isa = PBXGroup;
			children = (
				DB947A6116F7A39E00733381 /* UIKit.framework */,
				DB947A6316F7A39E00733381 /* Foundation.framework */,
				DB947A6516F7A39E00733381 /* CoreGraphics.framework */,
			);
			name = Frameworks;
			sourceTree = "<group>";
		};
		DB947A6716F7A39E00733381 /* MMS Sender */ = {
			isa = PBXGroup;
			children = (
				DBA14E19173E79FC000E0829 /* RollCell */,
				DB947ABF16F7A48D00733381 /* Resources */,
				DB947AA116F7A48D00733381 /* Helpers */,
				DB947A9316F7A48600733381 /* Controllers */,
				DB947A7016F7A39E00733381 /* EKAppDelegate.h */,
				DB947A7116F7A39E00733381 /* EKAppDelegate.m */,
				DB947A7916F7A39E00733381 /* EKViewController.h */,
				DB947A7A16F7A39E00733381 /* EKViewController.m */,
				DB947A7C16F7A39E00733381 /* EKViewController_iPhone.xib */,
				DB947A7F16F7A39E00733381 /* EKViewController_iPad.xib */,
				DB947A6816F7A39E00733381 /* Supporting Files */,
			);
			path = "MMS Sender";
			sourceTree = "<group>";
		};
		DB947A6816F7A39E00733381 /* Supporting Files */ = {
			isa = PBXGroup;
			children = (
				DB947A6916F7A39E00733381 /* MMS Sender-Info.plist */,
				DB947A6A16F7A39E00733381 /* InfoPlist.strings */,
				DB947A6D16F7A39E00733381 /* main.m */,
				DB947A6F16F7A39E00733381 /* MMS Sender-Prefix.pch */,
				DB947A7316F7A39E00733381 /* Default.png */,
				DB947A7516F7A39E00733381 /* Default@2x.png */,
				DB947A7716F7A39E00733381 /* Default-568h@2x.png */,
			);
			name = "Supporting Files";
			sourceTree = "<group>";
		};
		DB947A9316F7A48600733381 /* Controllers */ = {
			isa = PBXGroup;
			children = (
				DB947A9416F7A48600733381 /* ImageGalleryCell.h */,
				DB947A9516F7A48600733381 /* ImageGalleryCell.m */,
				DB947A9616F7A48600733381 /* ImageRollViewController.h */,
				DB947A9716F7A48600733381 /* ImageRollViewController.m */,
				DB947A9816F7A48600733381 /* ImageRollViewController.xib */,
				DB947A9916F7A48600733381 /* UploadViewController.h */,
				DB947A9A16F7A48600733381 /* UploadViewController.m */,
				DB947A9B16F7A48600733381 /* UploadViewController.xib */,
				DB947ACF16F7A92400733381 /* EKMMSSenderViewController.h */,
				DB947AD016F7A92400733381 /* EKMMSSenderViewController.m */,
				DB947AD116F7A92400733381 /* EKMMSSenderViewController.xib */,
				DB7E1C7316F9086700AF662C /* TakePhotoViewController.h */,
				DB7E1C7416F9086700AF662C /* TakePhotoViewController.m */,
				DB7E1C7516F9086700AF662C /* TakePhotoViewController.xib */,
			);
			name = Controllers;
			path = Classes/Controllers;
			sourceTree = "<group>";
		};
		DB947AA116F7A48D00733381 /* Helpers */ = {
			isa = PBXGroup;
			children = (
				DB947AD416F7AC5300733381 /* UIImage+ScaleImage.h */,
				DB947AD516F7AC5300733381 /* UIImage+ScaleImage.m */,
			);
			name = Helpers;
			path = Classes/Helpers;
			sourceTree = "<group>";
		};
		DB947ABF16F7A48D00733381 /* Resources */ = {
			isa = PBXGroup;
			children = (
				DBA14E52173ECBFB000E0829 /* select_pl.png */,
				DBA14E53173ECBFB000E0829 /* take_picture_pl.png */,
				DBA14E1F173E8EE7000E0829 /* cell.png */,
				DBA85C27173AB68200AC86F1 /* upload.png */,
				DBA85C25173AB4B700AC86F1 /* back.png */,
				DB8EB67E1739B09F005F9704 /* tabbar.png */,
				DB8EB6781739AB41005F9704 /* select.png */,
				DB8EB6761739A621005F9704 /* take_picture.png */,
				DB8EB6741739A5E5005F9704 /* background@2x.png */,
				DBFBB3AA171DE76B007FD75A /* header.png */,
				DBA14E21173E9F75000E0829 /* backgroundClear@2x.png */,
				DB947AC416F7A51200733381 /* box-checked.png */,
				DB947AC516F7A51200733381 /* check-box-list.png */,
			);
			path = Resources;
			sourceTree = "<group>";
		};
		DBA14E19173E79FC000E0829 /* RollCell */ = {
			isa = PBXGroup;
			children = (
				DBA14E1A173E7A27000E0829 /* RollCell.h */,
				DBA14E1B173E7A27000E0829 /* RollCell.m */,
				DBA14E1D173E7A44000E0829 /* RollCell.xib */,
			);
			name = RollCell;
			sourceTree = "<group>";
		};
/* End PBXGroup section */

/* Begin PBXNativeTarget section */
		DB947A5C16F7A39E00733381 /* MMS Sender */ = {
			isa = PBXNativeTarget;
			buildConfigurationList = DB947A8416F7A39E00733381 /* Build configuration list for PBXNativeTarget "MMS Sender" */;
			buildPhases = (
				DB947A5916F7A39E00733381 /* Sources */,
				DB947A5A16F7A39E00733381 /* Frameworks */,
				DB947A5B16F7A39E00733381 /* Resources */,
			);
			buildRules = (
			);
			dependencies = (
			);
			name = "MMS Sender";
			productName = "MMS Sender";
			productReference = DB947A5D16F7A39E00733381 /* MMS Sender.app */;
			productType = "com.apple.product-type.application";
		};
/* End PBXNativeTarget section */

/* Begin PBXProject section */
		DB947A5416F7A39E00733381 /* Project object */ = {
			isa = PBXProject;
			attributes = {
				CLASSPREFIX = EK;
				LastUpgradeCheck = 0450;
				ORGANIZATIONNAME = edzio27;
			};
			buildConfigurationList = DB947A5716F7A39E00733381 /* Build configuration list for PBXProject "MMS Sender" */;
			compatibilityVersion = "Xcode 3.2";
			developmentRegion = English;
			hasScannedForEncodings = 0;
			knownRegions = (
				en,
				pl,
			);
			mainGroup = DB947A5216F7A39E00733381;
			productRefGroup = DB947A5E16F7A39E00733381 /* Products */;
			projectDirPath = "";
			projectRoot = "";
			targets = (
				DB947A5C16F7A39E00733381 /* MMS Sender */,
			);
		};
/* End PBXProject section */

/* Begin PBXResourcesBuildPhase section */
		DB947A5B16F7A39E00733381 /* Resources */ = {
			isa = PBXResourcesBuildPhase;
			buildActionMask = 2147483647;
			files = (
				DB947A6C16F7A39E00733381 /* InfoPlist.strings in Resources */,
				DB947A7416F7A39E00733381 /* Default.png in Resources */,
				DB947A7616F7A39E00733381 /* Default@2x.png in Resources */,
				DB947A7816F7A39E00733381 /* Default-568h@2x.png in Resources */,
				DB947A7E16F7A39E00733381 /* EKViewController_iPhone.xib in Resources */,
				DB947A8116F7A39E00733381 /* EKViewController_iPad.xib in Resources */,
				DB947A9E16F7A48600733381 /* ImageRollViewController.xib in Resources */,
				DB947AA016F7A48600733381 /* UploadViewController.xib in Resources */,
				DB947AC616F7A51200733381 /* box-checked.png in Resources */,
				DB947AC716F7A51200733381 /* check-box-list.png in Resources */,
				DB947AD316F7A92400733381 /* EKMMSSenderViewController.xib in Resources */,
				DB7E1C7716F9086700AF662C /* TakePhotoViewController.xib in Resources */,
				DBFBB3AB171DE76B007FD75A /* header.png in Resources */,
				DB8EB6751739A5E5005F9704 /* background@2x.png in Resources */,
				DB8EB6771739A621005F9704 /* take_picture.png in Resources */,
				DB8EB6791739AB41005F9704 /* select.png in Resources */,
				DB8EB67F1739B09F005F9704 /* tabbar.png in Resources */,
				DBA85C26173AB4B700AC86F1 /* back.png in Resources */,
				DBA85C28173AB68200AC86F1 /* upload.png in Resources */,
				DBA14E1E173E7A44000E0829 /* RollCell.xib in Resources */,
				DBA14E20173E8EE7000E0829 /* cell.png in Resources */,
				DBA14E22173E9F75000E0829 /* backgroundClear@2x.png in Resources */,
				DBA14E28173EAA3E000E0829 /* icon.png in Resources */,
				DBA14E2A173EAA44000E0829 /* icon@2x.png in Resources */,
				DBA14E4B173EC842000E0829 /* Localizable.strings in Resources */,
				DBA14E54173ECBFB000E0829 /* select_pl.png in Resources */,
				DBA14E55173ECBFB000E0829 /* take_picture_pl.png in Resources */,
			);
			runOnlyForDeploymentPostprocessing = 0;
		};
/* End PBXResourcesBuildPhase section */

/* Begin PBXSourcesBuildPhase section */
		DB947A5916F7A39E00733381 /* Sources */ = {
			isa = PBXSourcesBuildPhase;
			buildActionMask = 2147483647;
			files = (
				DB947A6E16F7A39E00733381 /* main.m in Sources */,
				DB947A7216F7A39E00733381 /* EKAppDelegate.m in Sources */,
				DB947A7B16F7A39E00733381 /* EKViewController.m in Sources */,
				DB947A9C16F7A48600733381 /* ImageGalleryCell.m in Sources */,
				DB947A9D16F7A48600733381 /* ImageRollViewController.m in Sources */,
				DB947A9F16F7A48600733381 /* UploadViewController.m in Sources */,
				DB947AD216F7A92400733381 /* EKMMSSenderViewController.m in Sources */,
				DB947AD616F7AC5300733381 /* UIImage+ScaleImage.m in Sources */,
				DB7E1C7616F9086700AF662C /* TakePhotoViewController.m in Sources */,
				DBA14E1C173E7A27000E0829 /* RollCell.m in Sources */,
			);
			runOnlyForDeploymentPostprocessing = 0;
		};
/* End PBXSourcesBuildPhase section */

/* Begin PBXVariantGroup section */
		DB947A6A16F7A39E00733381 /* InfoPlist.strings */ = {
			isa = PBXVariantGroup;
			children = (
				DB947A6B16F7A39E00733381 /* en */,
				DBA14E51173EC885000E0829 /* pl */,
			);
			name = InfoPlist.strings;
			sourceTree = "<group>";
		};
		DB947A7C16F7A39E00733381 /* EKViewController_iPhone.xib */ = {
			isa = PBXVariantGroup;
			children = (
				DB947A7D16F7A39E00733381 /* en */,
				DBA14E4F173EC885000E0829 /* pl */,
			);
			name = EKViewController_iPhone.xib;
			sourceTree = "<group>";
		};
		DB947A7F16F7A39E00733381 /* EKViewController_iPad.xib */ = {
			isa = PBXVariantGroup;
			children = (
				DB947A8016F7A39E00733381 /* en */,
				DBA14E50173EC885000E0829 /* pl */,
			);
			name = EKViewController_iPad.xib;
			sourceTree = "<group>";
		};
		DBA14E4D173EC842000E0829 /* Localizable.strings */ = {
			isa = PBXVariantGroup;
			children = (
				DBA14E4C173EC842000E0829 /* en */,
				DBA14E4E173EC885000E0829 /* pl */,
			);
			name = Localizable.strings;
			sourceTree = "<group>";
		};
/* End PBXVariantGroup section */

/* Begin XCBuildConfiguration section */
		DB947A8216F7A39E00733381 /* Debug */ = {
			isa = XCBuildConfiguration;
			buildSettings = {
				ALWAYS_SEARCH_USER_PATHS = NO;
				CLANG_CXX_LANGUAGE_STANDARD = "gnu++0x";
				CLANG_CXX_LIBRARY = "libc++";
				CLANG_ENABLE_OBJC_ARC = YES;
				CLANG_WARN_EMPTY_BODY = YES;
				CLANG_WARN__DUPLICATE_METHOD_MATCH = YES;
				"CODE_SIGN_IDENTITY[sdk=iphoneos*]" = "iPhone Developer";
				COPY_PHASE_STRIP = NO;
				GCC_C_LANGUAGE_STANDARD = gnu99;
				GCC_DYNAMIC_NO_PIC = NO;
				GCC_OPTIMIZATION_LEVEL = 0;
				GCC_PREPROCESSOR_DEFINITIONS = (
					"DEBUG=1",
					"$(inherited)",
				);
				GCC_SYMBOLS_PRIVATE_EXTERN = NO;
				GCC_WARN_ABOUT_RETURN_TYPE = YES;
				GCC_WARN_UNINITIALIZED_AUTOS = YES;
				GCC_WARN_UNUSED_VARIABLE = YES;
				IPHONEOS_DEPLOYMENT_TARGET = 6.0;
				ONLY_ACTIVE_ARCH = YES;
				SDKROOT = iphoneos;
				TARGETED_DEVICE_FAMILY = "1,2";
			};
			name = Debug;
		};
		DB947A8316F7A39E00733381 /* Release */ = {
			isa = XCBuildConfiguration;
			buildSettings = {
				ALWAYS_SEARCH_USER_PATHS = NO;
				CLANG_CXX_LANGUAGE_STANDARD = "gnu++0x";
				CLANG_CXX_LIBRARY = "libc++";
				CLANG_ENABLE_OBJC_ARC = YES;
				CLANG_WARN_EMPTY_BODY = YES;
				CLANG_WARN__DUPLICATE_METHOD_MATCH = YES;
				"CODE_SIGN_IDENTITY[sdk=iphoneos*]" = "iPhone Developer";
				COPY_PHASE_STRIP = YES;
				GCC_C_LANGUAGE_STANDARD = gnu99;
				GCC_WARN_ABOUT_RETURN_TYPE = YES;
				GCC_WARN_UNINITIALIZED_AUTOS = YES;
				GCC_WARN_UNUSED_VARIABLE = YES;
				IPHONEOS_DEPLOYMENT_TARGET = 6.0;
				OTHER_CFLAGS = "-DNS_BLOCK_ASSERTIONS=1";
				SDKROOT = iphoneos;
				TARGETED_DEVICE_FAMILY = "1,2";
				VALIDATE_PRODUCT = YES;
			};
			name = Release;
		};
		DB947A8516F7A39E00733381 /* Debug */ = {
			isa = XCBuildConfiguration;
			buildSettings = {
				GCC_PRECOMPILE_PREFIX_HEADER = YES;
				GCC_PREFIX_HEADER = "MMS Sender/MMS Sender-Prefix.pch";
				INFOPLIST_FILE = "MMS Sender/MMS Sender-Info.plist";
				IPHONEOS_DEPLOYMENT_TARGET = 5.1;
				PRODUCT_NAME = "$(TARGET_NAME)";
				WRAPPER_EXTENSION = app;
			};
			name = Debug;
		};
		DB947A8616F7A39E00733381 /* Release */ = {
			isa = XCBuildConfiguration;
			buildSettings = {
				GCC_PRECOMPILE_PREFIX_HEADER = YES;
				GCC_PREFIX_HEADER = "MMS Sender/MMS Sender-Prefix.pch";
				INFOPLIST_FILE = "MMS Sender/MMS Sender-Info.plist";
				IPHONEOS_DEPLOYMENT_TARGET = 5.1;
				PRODUCT_NAME = "$(TARGET_NAME)";
				WRAPPER_EXTENSION = app;
			};
			name = Release;
		};
/* End XCBuildConfiguration section */

/* Begin XCConfigurationList section */
		DB947A5716F7A39E00733381 /* Build configuration list for PBXProject "MMS Sender" */ = {
			isa = XCConfigurationList;
			buildConfigurations = (
				DB947A8216F7A39E00733381 /* Debug */,
				DB947A8316F7A39E00733381 /* Release */,
			);
			defaultConfigurationIsVisible = 0;
			defaultConfigurationName = Release;
		};
		DB947A8416F7A39E00733381 /* Build configuration list for PBXNativeTarget "MMS Sender" */ = {
			isa = XCConfigurationList;
			buildConfigurations = (
				DB947A8516F7A39E00733381 /* Debug */,
				DB947A8616F7A39E00733381 /* Release */,
			);
			defaultConfigurationIsVisible = 0;
			defaultConfigurationName = Release;
		};
/* End XCConfigurationList section */
	};
	rootObject = DB947A5416F7A39E00733381 /* Project object */;
}
